// !$*UTF8*$!
{
	archiveVersion = 1;
	classes = {
	};
	objectVersion = 56;
	objects = {

/* Begin PBXBuildFile section */
		AD7B0E12903849A3995EA432 /* AppModel.swift in Sources */ = {isa = PBXBuildFile; fileRef = DC510045CC91491CB0569728 /* AppModel.swift */; };
		C771E40C30194B62AFC137F6 /* CoParseApp.swift in Sources */ = {isa = PBXBuildFile; fileRef = A37015C67BE4449D86001DE9 /* CoParseApp.swift */; };
		6DC1B394ED364A258EFB1C89 /* AnalysisEngine.swift in Sources */ = {isa = PBXBuildFile; fileRef = 50E785ED8F5646A4AA1948BC /* AnalysisEngine.swift */; };
		608061A52B7049E19BF5092F /* Classify.swift in Sources */ = {isa = PBXBuildFile; fileRef = BA346F20E3444B57BD5F0DBC /* Classify.swift */; };
		2B4262BDA2A948EE9D9B8446 /* Explain.swift in Sources */ = {isa = PBXBuildFile; fileRef = A514805E09AD423EBEB135C9 /* Explain.swift */; };
		A7C021BA678F4D1BAD75E2FB /* Missing.swift in Sources */ = {isa = PBXBuildFile; fileRef = D2A090B658B24CF891107BCF /* Missing.swift */; };
		B208FE140D954E42910FA7F3 /* Score.swift in Sources */ = {isa = PBXBuildFile; fileRef = CC558D3C84684888B6304E2F /* Score.swift */; };
		AD3C476A1BB942A3A23C57AC /* Segment.swift in Sources */ = {isa = PBXBuildFile; fileRef = 35672FFF75BA40C0A4C1E105 /* Segment.swift */; };
		8F0B9C5C9CC747528704DE36 /* Student.swift in Sources */ = {isa = PBXBuildFile; fileRef = E4F9AA9327944F7D9E9CF084 /* Student.swift */; };
		F0BB6770D42041B49ED5485A /* AnalysisModels.swift in Sources */ = {isa = PBXBuildFile; fileRef = E2754C6C9D3B465E8E7C6E9A /* AnalysisModels.swift */; };
		FB38474195044E2A811A8776 /* SavedAnalysis.swift in Sources */ = {isa = PBXBuildFile; fileRef = FEEFC98C943248EA88E285F3 /* SavedAnalysis.swift */; };
		A143FEE782FC440BA3EB8876 /* CameraCapture.swift in Sources */ = {isa = PBXBuildFile; fileRef = 0B07A95DF7CD4051A3FE5929 /* CameraCapture.swift */; };
		545CA1BC610A4BC48CD4E27F /* DocumentScanner.swift in Sources */ = {isa = PBXBuildFile; fileRef = 9335B3BE6D75487BAB8058E7 /* DocumentScanner.swift */; };
		39BB5327C1FE4171A8007A23 /* ImagePreprocessor.swift in Sources */ = {isa = PBXBuildFile; fileRef = 232779B301DB4FAE9411E8FE /* ImagePreprocessor.swift */; };
		45733DB6C9964D1A80FA6C07 /* OCRService.swift in Sources */ = {isa = PBXBuildFile; fileRef = E107AEA71C97459EA5D126F0 /* OCRService.swift */; };
		13B33037CCF04CCB8F1B24C1 /* PDFTextService.swift in Sources */ = {isa = PBXBuildFile; fileRef = D537A068BB5143F58B2FD0A5 /* PDFTextService.swift */; };
		9007686EF3DA499F8C6E9CA8 /* ReportExporter.swift in Sources */ = {isa = PBXBuildFile; fileRef = 297D95A6D38341FEBE79AB37 /* ReportExporter.swift */; };
		9862DFB0E94A44A5BDD861ED /* Colors.swift in Sources */ = {isa = PBXBuildFile; fileRef = 3FA705121E6843CF8F822025 /* Colors.swift */; };
		234BCA688D5A47FFB76DED29 /* Typography.swift in Sources */ = {isa = PBXBuildFile; fileRef = 184C9F885EF94367881FCC0F /* Typography.swift */; };
		E5C4E59359AE4432BB0064F5 /* AllClausesView.swift in Sources */ = {isa = PBXBuildFile; fileRef = 72CC4E4A73B2414093B55ACF /* AllClausesView.swift */; };
		4288E97206C149ADB7CFD8A5 /* CategoryBarsView.swift in Sources */ = {isa = PBXBuildFile; fileRef = A4270099BF8E4E85B4C4CD3E /* CategoryBarsView.swift */; };
		A23088850792419D8161BF84 /* ClauseDetailView.swift in Sources */ = {isa = PBXBuildFile; fileRef = AAA8E36A1668479C843CAF88 /* ClauseDetailView.swift */; };
		F624EAA9B83449E997506D78 /* ConfirmView.swift in Sources */ = {isa = PBXBuildFile; fileRef = E90B91E63BF247D9B51D2294 /* ConfirmView.swift */; };
		EC801D096441463B81BF1F9E /* DashboardView.swift in Sources */ = {isa = PBXBuildFile; fileRef = A05EB1479D4D473CB609A013 /* DashboardView.swift */; };
		5A1D963E77AB49B7ADEB353A /* DisclaimerView.swift in Sources */ = {isa = PBXBuildFile; fileRef = 5603FFE7837E48F48AB0191C /* DisclaimerView.swift */; };
		CEBE0916E48C4A4FA414D04F /* HomeView.swift in Sources */ = {isa = PBXBuildFile; fileRef = 29A532CD63E441C294425240 /* HomeView.swift */; };
		435CE95AA758470EBF639D64 /* OnboardingView.swift in Sources */ = {isa = PBXBuildFile; fileRef = BA3888DDDA914F63AE0ABA80 /* OnboardingView.swift */; };
		3A659CCEACDE466089DF4BC5 /* PrivacyView.swift in Sources */ = {isa = PBXBuildFile; fileRef = 8C21D7758BF44E7DAE983628 /* PrivacyView.swift */; };
		0E59B534767442A785649F3E /* ProcessingView.swift in Sources */ = {isa = PBXBuildFile; fileRef = 3B083118840B4DB7A335D1E9 /* ProcessingView.swift */; };
		9F8253A707164694A17DB636 /* QuestionsView.swift in Sources */ = {isa = PBXBuildFile; fileRef = 7C7D109D11F54B46B763D39C /* QuestionsView.swift */; };
		577998C46BA84D819FF0200E /* RootView.swift in Sources */ = {isa = PBXBuildFile; fileRef = 23DB45DF8B3147A8BD73E7DA /* RootView.swift */; };
		3760131CC96E4A17BB78906C /* SavedView.swift in Sources */ = {isa = PBXBuildFile; fileRef = DC9DBEF6846349F9BCCD5FE3 /* SavedView.swift */; };
		616E95CF95724F63BC1AEE11 /* ScanView.swift in Sources */ = {isa = PBXBuildFile; fileRef = 8DDDE51C60DC4E22817773EF /* ScanView.swift */; };
		A1328AC5D7E14129AFCE66BD /* SettingsView.swift in Sources */ = {isa = PBXBuildFile; fileRef = 8706202C519640B58E9DF61B /* SettingsView.swift */; };
		D72DB9ECA1D4425CA44CE65F /* Assets.xcassets in Resources */ = {isa = PBXBuildFile; fileRef = 6BCBD2A34B3E4CD591C20811 /* Assets.xcassets */; };
		1FC1D367985E4C278A15BCDB /* PrivacyInfo.xcprivacy in Resources */ = {isa = PBXBuildFile; fileRef = 88B9786474AB41089DFCE32B /* PrivacyInfo.xcprivacy */; };
/* End PBXBuildFile section */

/* Begin PBXFileReference section */
		DC510045CC91491CB0569728 /* AppModel.swift */ = {isa = PBXFileReference; lastKnownFileType = sourcecode.swift; path = "AppModel.swift"; sourceTree = "<group>"; };
		A37015C67BE4449D86001DE9 /* CoParseApp.swift */ = {isa = PBXFileReference; lastKnownFileType = sourcecode.swift; path = "CoParseApp.swift"; sourceTree = "<group>"; };
		50E785ED8F5646A4AA1948BC /* AnalysisEngine.swift */ = {isa = PBXFileReference; lastKnownFileType = sourcecode.swift; path = "Engine/AnalysisEngine.swift"; sourceTree = "<group>"; };
		BA346F20E3444B57BD5F0DBC /* Classify.swift */ = {isa = PBXFileReference; lastKnownFileType = sourcecode.swift; path = "Engine/Classify.swift"; sourceTree = "<group>"; };
		A514805E09AD423EBEB135C9 /* Explain.swift */ = {isa = PBXFileReference; lastKnownFileType = sourcecode.swift; path = "Engine/Explain.swift"; sourceTree = "<group>"; };
		D2A090B658B24CF891107BCF /* Missing.swift */ = {isa = PBXFileReference; lastKnownFileType = sourcecode.swift; path = "Engine/Missing.swift"; sourceTree = "<group>"; };
		CC558D3C84684888B6304E2F /* Score.swift */ = {isa = PBXFileReference; lastKnownFileType = sourcecode.swift; path = "Engine/Score.swift"; sourceTree = "<group>"; };
		35672FFF75BA40C0A4C1E105 /* Segment.swift */ = {isa = PBXFileReference; lastKnownFileType = sourcecode.swift; path = "Engine/Segment.swift"; sourceTree = "<group>"; };
		E4F9AA9327944F7D9E9CF084 /* Student.swift */ = {isa = PBXFileReference; lastKnownFileType = sourcecode.swift; path = "Engine/Student.swift"; sourceTree = "<group>"; };
		E2754C6C9D3B465E8E7C6E9A /* AnalysisModels.swift */ = {isa = PBXFileReference; lastKnownFileType = sourcecode.swift; path = "Models/AnalysisModels.swift"; sourceTree = "<group>"; };
		FEEFC98C943248EA88E285F3 /* SavedAnalysis.swift */ = {isa = PBXFileReference; lastKnownFileType = sourcecode.swift; path = "Models/SavedAnalysis.swift"; sourceTree = "<group>"; };
		0B07A95DF7CD4051A3FE5929 /* CameraCapture.swift */ = {isa = PBXFileReference; lastKnownFileType = sourcecode.swift; path = "Services/CameraCapture.swift"; sourceTree = "<group>"; };
		9335B3BE6D75487BAB8058E7 /* DocumentScanner.swift */ = {isa = PBXFileReference; lastKnownFileType = sourcecode.swift; path = "Services/DocumentScanner.swift"; sourceTree = "<group>"; };
		232779B301DB4FAE9411E8FE /* ImagePreprocessor.swift */ = {isa = PBXFileReference; lastKnownFileType = sourcecode.swift; path = "Services/ImagePreprocessor.swift"; sourceTree = "<group>"; };
		E107AEA71C97459EA5D126F0 /* OCRService.swift */ = {isa = PBXFileReference; lastKnownFileType = sourcecode.swift; path = "Services/OCRService.swift"; sourceTree = "<group>"; };
		D537A068BB5143F58B2FD0A5 /* PDFTextService.swift */ = {isa = PBXFileReference; lastKnownFileType = sourcecode.swift; path = "Services/PDFTextService.swift"; sourceTree = "<group>"; };
		297D95A6D38341FEBE79AB37 /* ReportExporter.swift */ = {isa = PBXFileReference; lastKnownFileType = sourcecode.swift; path = "Services/ReportExporter.swift"; sourceTree = "<group>"; };
		3FA705121E6843CF8F822025 /* Colors.swift */ = {isa = PBXFileReference; lastKnownFileType = sourcecode.swift; path = "Theme/Colors.swift"; sourceTree = "<group>"; };
		184C9F885EF94367881FCC0F /* Typography.swift */ = {isa = PBXFileReference; lastKnownFileType = sourcecode.swift; path = "Theme/Typography.swift"; sourceTree = "<group>"; };
		72CC4E4A73B2414093B55ACF /* AllClausesView.swift */ = {isa = PBXFileReference; lastKnownFileType = sourcecode.swift; path = "Views/AllClausesView.swift"; sourceTree = "<group>"; };
		A4270099BF8E4E85B4C4CD3E /* CategoryBarsView.swift */ = {isa = PBXFileReference; lastKnownFileType = sourcecode.swift; path = "Views/CategoryBarsView.swift"; sourceTree = "<group>"; };
		AAA8E36A1668479C843CAF88 /* ClauseDetailView.swift */ = {isa = PBXFileReference; lastKnownFileType = sourcecode.swift; path = "Views/ClauseDetailView.swift"; sourceTree = "<group>"; };
		E90B91E63BF247D9B51D2294 /* ConfirmView.swift */ = {isa = PBXFileReference; lastKnownFileType = sourcecode.swift; path = "Views/ConfirmView.swift"; sourceTree = "<group>"; };
		A05EB1479D4D473CB609A013 /* DashboardView.swift */ = {isa = PBXFileReference; lastKnownFileType = sourcecode.swift; path = "Views/DashboardView.swift"; sourceTree = "<group>"; };
		5603FFE7837E48F48AB0191C /* DisclaimerView.swift */ = {isa = PBXFileReference; lastKnownFileType = sourcecode.swift; path = "Views/DisclaimerView.swift"; sourceTree = "<group>"; };
		29A532CD63E441C294425240 /* HomeView.swift */ = {isa = PBXFileReference; lastKnownFileType = sourcecode.swift; path = "Views/HomeView.swift"; sourceTree = "<group>"; };
		BA3888DDDA914F63AE0ABA80 /* OnboardingView.swift */ = {isa = PBXFileReference; lastKnownFileType = sourcecode.swift; path = "Views/OnboardingView.swift"; sourceTree = "<group>"; };
		8C21D7758BF44E7DAE983628 /* PrivacyView.swift */ = {isa = PBXFileReference; lastKnownFileType = sourcecode.swift; path = "Views/PrivacyView.swift"; sourceTree = "<group>"; };
		3B083118840B4DB7A335D1E9 /* ProcessingView.swift */ = {isa = PBXFileReference; lastKnownFileType = sourcecode.swift; path = "Views/ProcessingView.swift"; sourceTree = "<group>"; };
		7C7D109D11F54B46B763D39C /* QuestionsView.swift */ = {isa = PBXFileReference; lastKnownFileType = sourcecode.swift; path = "Views/QuestionsView.swift"; sourceTree = "<group>"; };
		23DB45DF8B3147A8BD73E7DA /* RootView.swift */ = {isa = PBXFileReference; lastKnownFileType = sourcecode.swift; path = "Views/RootView.swift"; sourceTree = "<group>"; };
		DC9DBEF6846349F9BCCD5FE3 /* SavedView.swift */ = {isa = PBXFileReference; lastKnownFileType = sourcecode.swift; path = "Views/SavedView.swift"; sourceTree = "<group>"; };
		8DDDE51C60DC4E22817773EF /* ScanView.swift */ = {isa = PBXFileReference; lastKnownFileType = sourcecode.swift; path = "Views/ScanView.swift"; sourceTree = "<group>"; };
		8706202C519640B58E9DF61B /* SettingsView.swift */ = {isa = PBXFileReference; lastKnownFileType = sourcecode.swift; path = "Views/SettingsView.swift"; sourceTree = "<group>"; };
		6BCBD2A34B3E4CD591C20811 /* Assets.xcassets */ = {isa = PBXFileReference; lastKnownFileType = folder.assetcatalog; path = Assets.xcassets; sourceTree = "<group>"; };
		88B9786474AB41089DFCE32B /* PrivacyInfo.xcprivacy */ = {isa = PBXFileReference; lastKnownFileType = text.plist.xml; path = PrivacyInfo.xcprivacy; sourceTree = "<group>"; };
		174247FE467F45E4A90CE269 /* CoParse.app */ = {isa = PBXFileReference; explicitFileType = wrapper.application; includeInIndex = 0; path = CoParse.app; sourceTree = BUILT_PRODUCTS_DIR; };
/* End PBXFileReference section */

/* Begin PBXFrameworksBuildPhase section */
		2E0D362A4D0E4269ABCFC6A6 /* Frameworks */ = {
			isa = PBXFrameworksBuildPhase;
			buildActionMask = 2147483647;
			files = (
			);
			runOnlyForDeploymentPostprocessing = 0;
		};
/* End PBXFrameworksBuildPhase section */

/* Begin PBXGroup section */
		4AB8EB5A398F4A36BF9F1347 = {
			isa = PBXGroup;
			children = (
				ECACBDC754F54A8592B946DC /* CoParse */,
				13F84070349541B885A78DE4 /* Products */,
			);
			sourceTree = "<group>";
		};
		ECACBDC754F54A8592B946DC /* CoParse */ = {
			isa = PBXGroup;
			children = (
				DC510045CC91491CB0569728 /* AppModel.swift */,
				A37015C67BE4449D86001DE9 /* CoParseApp.swift */,
				50E785ED8F5646A4AA1948BC /* AnalysisEngine.swift */,
				BA346F20E3444B57BD5F0DBC /* Classify.swift */,
				A514805E09AD423EBEB135C9 /* Explain.swift */,
				D2A090B658B24CF891107BCF /* Missing.swift */,
				CC558D3C84684888B6304E2F /* Score.swift */,
				35672FFF75BA40C0A4C1E105 /* Segment.swift */,
				E4F9AA9327944F7D9E9CF084 /* Student.swift */,
				E2754C6C9D3B465E8E7C6E9A /* AnalysisModels.swift */,
				FEEFC98C943248EA88E285F3 /* SavedAnalysis.swift */,
				0B07A95DF7CD4051A3FE5929 /* CameraCapture.swift */,
				9335B3BE6D75487BAB8058E7 /* DocumentScanner.swift */,
				232779B301DB4FAE9411E8FE /* ImagePreprocessor.swift */,
				E107AEA71C97459EA5D126F0 /* OCRService.swift */,
				D537A068BB5143F58B2FD0A5 /* PDFTextService.swift */,
				297D95A6D38341FEBE79AB37 /* ReportExporter.swift */,
				3FA705121E6843CF8F822025 /* Colors.swift */,
				184C9F885EF94367881FCC0F /* Typography.swift */,
				72CC4E4A73B2414093B55ACF /* AllClausesView.swift */,
				A4270099BF8E4E85B4C4CD3E /* CategoryBarsView.swift */,
				AAA8E36A1668479C843CAF88 /* ClauseDetailView.swift */,
				E90B91E63BF247D9B51D2294 /* ConfirmView.swift */,
				A05EB1479D4D473CB609A013 /* DashboardView.swift */,
				5603FFE7837E48F48AB0191C /* DisclaimerView.swift */,
				29A532CD63E441C294425240 /* HomeView.swift */,
				BA3888DDDA914F63AE0ABA80 /* OnboardingView.swift */,
				8C21D7758BF44E7DAE983628 /* PrivacyView.swift */,
				3B083118840B4DB7A335D1E9 /* ProcessingView.swift */,
				7C7D109D11F54B46B763D39C /* QuestionsView.swift */,
				23DB45DF8B3147A8BD73E7DA /* RootView.swift */,
				DC9DBEF6846349F9BCCD5FE3 /* SavedView.swift */,
				8DDDE51C60DC4E22817773EF /* ScanView.swift */,
				8706202C519640B58E9DF61B /* SettingsView.swift */,
				6BCBD2A34B3E4CD591C20811 /* Assets.xcassets */,
				88B9786474AB41089DFCE32B /* PrivacyInfo.xcprivacy */,
			);
			path = CoParse;
			sourceTree = "<group>";
		};
		13F84070349541B885A78DE4 /* Products */ = {
			isa = PBXGroup;
			children = (
				174247FE467F45E4A90CE269 /* CoParse.app */,
			);
			name = Products;
			sourceTree = "<group>";
		};
/* End PBXGroup section */

/* Begin PBXNativeTarget section */
		33BFD26C6E5940798BE447D2 /* CoParse */ = {
			isa = PBXNativeTarget;
			buildConfigurationList = C077230A5B7140F49DB1EE41 /* Build configuration list for PBXNativeTarget "CoParse" */;
			buildPhases = (
				5DE56AC32AF9447D9D55F647 /* Sources */,
				2E0D362A4D0E4269ABCFC6A6 /* Frameworks */,
				AAEED28AE46D41D8838C7561 /* Resources */,
			);
			buildRules = (
			);
			dependencies = (
			);
			name = CoParse;
			productName = CoParse;
			productReference = 174247FE467F45E4A90CE269 /* CoParse.app */;
			productType = "com.apple.product-type.application";
		};
/* End PBXNativeTarget section */

/* Begin PBXProject section */
		E14DFF72773E41E4BBF94961 /* Project object */ = {
			isa = PBXProject;
			attributes = {
				BuildIndependentTargetsInParallel = 1;
				LastSwiftUpdateCheck = 1500;
				LastUpgradeCheck = 1500;
			};
			buildConfigurationList = B0525170012B42C1967A6F14 /* Build configuration list for PBXProject "CoParse" */;
			compatibilityVersion = "Xcode 14.0";
			developmentRegion = en;
			hasScannedForEncodings = 0;
			knownRegions = (
				en,
				Base,
			);
			mainGroup = 4AB8EB5A398F4A36BF9F1347;
			productRefGroup = 13F84070349541B885A78DE4 /* Products */;
			projectDirPath = "";
			projectRoot = "";
			targets = (
				33BFD26C6E5940798BE447D2 /* CoParse */,
			);
		};
/* End PBXProject section */

/* Begin PBXResourcesBuildPhase section */
		AAEED28AE46D41D8838C7561 /* Resources */ = {
			isa = PBXResourcesBuildPhase;
			buildActionMask = 2147483647;
			files = (
				D72DB9ECA1D4425CA44CE65F /* Assets.xcassets in Resources */,
				1FC1D367985E4C278A15BCDB /* PrivacyInfo.xcprivacy in Resources */,
			);
			runOnlyForDeploymentPostprocessing = 0;
		};
/* End PBXResourcesBuildPhase section */

/* Begin PBXSourcesBuildPhase section */
		5DE56AC32AF9447D9D55F647 /* Sources */ = {
			isa = PBXSourcesBuildPhase;
			buildActionMask = 2147483647;
			files = (
				AD7B0E12903849A3995EA432 /* AppModel.swift in Sources */,
				C771E40C30194B62AFC137F6 /* CoParseApp.swift in Sources */,
				6DC1B394ED364A258EFB1C89 /* AnalysisEngine.swift in Sources */,
				608061A52B7049E19BF5092F /* Classify.swift in Sources */,
				2B4262BDA2A948EE9D9B8446 /* Explain.swift in Sources */,
				A7C021BA678F4D1BAD75E2FB /* Missing.swift in Sources */,
				B208FE140D954E42910FA7F3 /* Score.swift in Sources */,
				AD3C476A1BB942A3A23C57AC /* Segment.swift in Sources */,
				8F0B9C5C9CC747528704DE36 /* Student.swift in Sources */,
				F0BB6770D42041B49ED5485A /* AnalysisModels.swift in Sources */,
				FB38474195044E2A811A8776 /* SavedAnalysis.swift in Sources */,
				A143FEE782FC440BA3EB8876 /* CameraCapture.swift in Sources */,
				545CA1BC610A4BC48CD4E27F /* DocumentScanner.swift in Sources */,
				39BB5327C1FE4171A8007A23 /* ImagePreprocessor.swift in Sources */,
				45733DB6C9964D1A80FA6C07 /* OCRService.swift in Sources */,
				13B33037CCF04CCB8F1B24C1 /* PDFTextService.swift in Sources */,
				9007686EF3DA499F8C6E9CA8 /* ReportExporter.swift in Sources */,
				9862DFB0E94A44A5BDD861ED /* Colors.swift in Sources */,
				234BCA688D5A47FFB76DED29 /* Typography.swift in Sources */,
				E5C4E59359AE4432BB0064F5 /* AllClausesView.swift in Sources */,
				4288E97206C149ADB7CFD8A5 /* CategoryBarsView.swift in Sources */,
				A23088850792419D8161BF84 /* ClauseDetailView.swift in Sources */,
				F624EAA9B83449E997506D78 /* ConfirmView.swift in Sources */,
				EC801D096441463B81BF1F9E /* DashboardView.swift in Sources */,
				5A1D963E77AB49B7ADEB353A /* DisclaimerView.swift in Sources */,
				CEBE0916E48C4A4FA414D04F /* HomeView.swift in Sources */,
				435CE95AA758470EBF639D64 /* OnboardingView.swift in Sources */,
				3A659CCEACDE466089DF4BC5 /* PrivacyView.swift in Sources */,
				0E59B534767442A785649F3E /* ProcessingView.swift in Sources */,
				9F8253A707164694A17DB636 /* QuestionsView.swift in Sources */,
				577998C46BA84D819FF0200E /* RootView.swift in Sources */,
				3760131CC96E4A17BB78906C /* SavedView.swift in Sources */,
				616E95CF95724F63BC1AEE11 /* ScanView.swift in Sources */,
				A1328AC5D7E14129AFCE66BD /* SettingsView.swift in Sources */,
			);
			runOnlyForDeploymentPostprocessing = 0;
		};
/* End PBXSourcesBuildPhase section */

/* Begin XCBuildConfiguration section */
		A86EB1B4DE954F0782C8BA05 /* Debug */ = {
			isa = XCBuildConfiguration;
			buildSettings = {
				ALWAYS_SEARCH_USER_PATHS = NO;
				CLANG_ENABLE_MODULES = YES;
				COPY_PHASE_STRIP = NO;
				DEBUG_INFORMATION_FORMAT = dwarf;
				ENABLE_TESTABILITY = YES;
				GCC_DYNAMIC_NO_PIC = NO;
				IPHONEOS_DEPLOYMENT_TARGET = 17.0;
				ONLY_ACTIVE_ARCH = YES;
				SDKROOT = iphoneos;
				SWIFT_ACTIVE_COMPILATION_CONDITIONS = DEBUG;
				SWIFT_OPTIMIZATION_LEVEL = "-Onone";
			};
			name = Debug;
		};
		51716834BCEA41C9B6238730 /* Release */ = {
			isa = XCBuildConfiguration;
			buildSettings = {
				ALWAYS_SEARCH_USER_PATHS = NO;
				CLANG_ENABLE_MODULES = YES;
				COPY_PHASE_STRIP = NO;
				DEBUG_INFORMATION_FORMAT = "dwarf-with-dsym";
				IPHONEOS_DEPLOYMENT_TARGET = 17.0;
				SDKROOT = iphoneos;
				SWIFT_COMPILATION_MODE = wholemodule;
				VALIDATE_PRODUCT = YES;
			};
			name = Release;
		};
		FEDD0E2BA3B14905996FC093 /* Debug */ = {
			isa = XCBuildConfiguration;
			buildSettings = {
				ASSETCATALOG_COMPILER_APPICON_NAME = AppIcon;
				CODE_SIGN_STYLE = Automatic;
				CURRENT_PROJECT_VERSION = 1;
				DEVELOPMENT_TEAM = "";
				GENERATE_INFOPLIST_FILE = NO;
				INFOPLIST_FILE = CoParse/Info.plist;
				LD_RUNPATH_SEARCH_PATHS = (
					"$(inherited)",
					"@executable_path/Frameworks",
				);
				MARKETING_VERSION = 1.0;
				PRODUCT_BUNDLE_IDENTIFIER = com.coparse.app;
				PRODUCT_NAME = "$(TARGET_NAME)";
				SUPPORTED_PLATFORMS = "iphoneos iphonesimulator";
				SUPPORTS_MACCATALYST = NO;
				SWIFT_EMIT_LOC_STRINGS = YES;
				SWIFT_VERSION = 5.0;
				TARGETED_DEVICE_FAMILY = "1,2";
			};
			name = Debug;
		};
		B9EABF7E200846A39D73D294 /* Release */ = {
			isa = XCBuildConfiguration;
			buildSettings = {
				ASSETCATALOG_COMPILER_APPICON_NAME = AppIcon;
				CODE_SIGN_STYLE = Automatic;
				CURRENT_PROJECT_VERSION = 1;
				DEVELOPMENT_TEAM = "";
				GENERATE_INFOPLIST_FILE = NO;
				INFOPLIST_FILE = CoParse/Info.plist;
				LD_RUNPATH_SEARCH_PATHS = (
					"$(inherited)",
					"@executable_path/Frameworks",
				);
				MARKETING_VERSION = 1.0;
				PRODUCT_BUNDLE_IDENTIFIER = com.coparse.app;
				PRODUCT_NAME = "$(TARGET_NAME)";
				SUPPORTED_PLATFORMS = "iphoneos iphonesimulator";
				SUPPORTS_MACCATALYST = NO;
				SWIFT_EMIT_LOC_STRINGS = YES;
				SWIFT_VERSION = 5.0;
				TARGETED_DEVICE_FAMILY = "1,2";
			};
			name = Release;
		};
/* End XCBuildConfiguration section */

/* Begin XCConfigurationList section */
		B0525170012B42C1967A6F14 /* Build configuration list for PBXProject "CoParse" */ = {
			isa = XCConfigurationList;
			buildConfigurations = (
				A86EB1B4DE954F0782C8BA05 /* Debug */,
				51716834BCEA41C9B6238730 /* Release */,
			);
			defaultConfigurationIsVisible = 0;
			defaultConfigurationName = Release;
		};
		C077230A5B7140F49DB1EE41 /* Build configuration list for PBXNativeTarget "CoParse" */ = {
			isa = XCConfigurationList;
			buildConfigurations = (
				FEDD0E2BA3B14905996FC093 /* Debug */,
				B9EABF7E200846A39D73D294 /* Release */,
			);
			defaultConfigurationIsVisible = 0;
			defaultConfigurationName = Release;
		};
/* End XCConfigurationList section */
	};
	rootObject = E14DFF72773E41E4BBF94961 /* Project object */;
}
